
Microsoft Visual Studio Solution File, Format Version 12.00
# Visual Studio Version 17
VisualStudioVersion = 17.13.35828.75 d17.13
MinimumVisualStudioVersion = 10.0.40219.1
Project("{FAE04EC0-301F-11D3-BF4B-00C04F79EFBC}") = "MaxSystemWebSite", "MaxSystemWebSite\MaxSystemWebSite.csproj", "{A2CD25E2-5A1B-4793-A444-C7FBCD15AFB2}"
EndProject
Global
	GlobalSection(SolutionConfigurationPlatforms) = preSolution
		Debug|Any CPU = Debug|Any CPU
		Release|Any CPU = Release|Any CPU
	EndGlobalSection
	GlobalSection(ProjectConfigurationPlatforms) = postSolution
		{A2CD25E2-5A1B-4793-A444-C7FBCD15AFB2}.Debug|Any CPU.ActiveCfg = Debug|Any CPU
		{A2CD25E2-5A1B-4793-A444-C7FBCD15AFB2}.Debug|Any CPU.Build.0 = Debug|Any CPU
		{A2CD25E2-5A1B-4793-A444-C7FBCD15AFB2}.Release|Any CPU.ActiveCfg = Release|Any CPU
		{A2CD25E2-5A1B-4793-A444-C7FBCD15AFB2}.Release|Any CPU.Build.0 = Release|Any CPU
	EndGlobalSection
	GlobalSection(SolutionProperties) = preSolution
		HideSolutionNode = FALSE
	EndGlobalSection
	GlobalSection(ExtensibilityGlobals) = postSolution
		SolutionGuid = {EAA34CDC-7155-46F1-AAE1-B9D7DF3BB5C5}
	EndGlobalSection
EndGlobal
